
Microsoft Visual Studio Solution File, Format Version 12.00
Project("{2150E333-8FDC-42A3-9474-1A3956D46DE8}") = "src", "src", "{DC0A4831-E6C1-4126-B00D-1295B34834F7}"
EndProject
Project("{FAE04EC0-301F-11D3-BF4B-00C04F79EFBC}") = "OrbWeaver.Host", "src\OrbWeaver.Host\OrbWeaver.Host.csproj", "{8EA1B122-14C4-4CBB-A6CD-F684D002438A}"
EndProject
Global
	GlobalSection(SolutionConfigurationPlatforms) = preSolution
		Debug|Any CPU = Debug|Any CPU
		Release|Any CPU = Release|Any CPU
	EndGlobalSection
	GlobalSection(ProjectConfigurationPlatforms) = postSolution
		{8EA1B122-14C4-4CBB-A6CD-F684D002438A}.Debug|Any CPU.ActiveCfg = Debug|Any CPU
		{8EA1B122-14C4-4CBB-A6CD-F684D002438A}.Debug|Any CPU.Build.0 = Debug|Any CPU
		{8EA1B122-14C4-4CBB-A6CD-F684D002438A}.Release|Any CPU.ActiveCfg = Release|Any CPU
		{8EA1B122-14C4-4CBB-A6CD-F684D002438A}.Release|Any CPU.Build.0 = Release|Any CPU
	EndGlobalSection
	GlobalSection(NestedProjects) = preSolution
		{8EA1B122-14C4-4CBB-A6CD-F684D002438A} = {DC0A4831-E6C1-4126-B00D-1295B34834F7}
	EndGlobalSection
EndGlobal
